
Microsoft Visual Studio Solution File, Format Version 12.00
# Visual Studio Version 17
VisualStudioVersion = 17.11.35219.272
MinimumVisualStudioVersion = 10.0.40219.1
Project("{FAE04EC0-301F-11D3-BF4B-00C04F79EFBC}") = "BaiTap07", "BaiTap07.csproj", "{D422C4C9-794E-48AF-A6DD-89AF08BCDA5A}"
EndProject
Global
	GlobalSection(SolutionConfigurationPlatforms) = preSolution
		Debug|Any CPU = Debug|Any CPU
		Release|Any CPU = Release|Any CPU
	EndGlobalSection
	GlobalSection(ProjectConfigurationPlatforms) = postSolution
		{D422C4C9-794E-48AF-A6DD-89AF08BCDA5A}.Debug|Any CPU.ActiveCfg = Debug|Any CPU
		{D422C4C9-794E-48AF-A6DD-89AF08BCDA5A}.Debug|Any CPU.Build.0 = Debug|Any CPU
		{D422C4C9-794E-48AF-A6DD-89AF08BCDA5A}.Release|Any CPU.ActiveCfg = Release|Any CPU
		{D422C4C9-794E-48AF-A6DD-89AF08BCDA5A}.Release|Any CPU.Build.0 = Release|Any CPU
	EndGlobalSection
	GlobalSection(SolutionProperties) = preSolution
		HideSolutionNode = FALSE
	EndGlobalSection
	GlobalSection(ExtensibilityGlobals) = postSolution
		SolutionGuid = {B22A746A-E157-4B1C-8B35-D22F3FB56656}
	EndGlobalSection
EndGlobal
