
Microsoft Visual Studio Solution File, Format Version 12.00
# Visual Studio Version 17
VisualStudioVersion = 17.11.35219.272
MinimumVisualStudioVersion = 10.0.40219.1
Project("{FAE04EC0-301F-11D3-BF4B-00C04F79EFBC}") = "BaiTapVeNha03", "BaiTapVeNha03.csproj", "{72B8A346-0479-4D7A-BF6D-5C4452012507}"
EndProject
Global
	GlobalSection(SolutionConfigurationPlatforms) = preSolution
		Debug|Any CPU = Debug|Any CPU
		Release|Any CPU = Release|Any CPU
	EndGlobalSection
	GlobalSection(ProjectConfigurationPlatforms) = postSolution
		{72B8A346-0479-4D7A-BF6D-5C4452012507}.Debug|Any CPU.ActiveCfg = Debug|Any CPU
		{72B8A346-0479-4D7A-BF6D-5C4452012507}.Debug|Any CPU.Build.0 = Debug|Any CPU
		{72B8A346-0479-4D7A-BF6D-5C4452012507}.Release|Any CPU.ActiveCfg = Release|Any CPU
		{72B8A346-0479-4D7A-BF6D-5C4452012507}.Release|Any CPU.Build.0 = Release|Any CPU
	EndGlobalSection
	GlobalSection(SolutionProperties) = preSolution
		HideSolutionNode = FALSE
	EndGlobalSection
	GlobalSection(ExtensibilityGlobals) = postSolution
		SolutionGuid = {3B17E247-54D6-4B4A-80D1-F48825E6790F}
	EndGlobalSection
EndGlobal
