
Microsoft Visual Studio Solution File, Format Version 12.00
# Visual Studio Version 17
VisualStudioVersion = 17.11.35219.272
MinimumVisualStudioVersion = 10.0.40219.1
Project("{FAE04EC0-301F-11D3-BF4B-00C04F79EFBC}") = "BaiTapVeNha02", "BaiTapVeNha02.csproj", "{6DC0B66B-1E69-4DFF-86EE-583638987D74}"
EndProject
Global
	GlobalSection(SolutionConfigurationPlatforms) = preSolution
		Debug|Any CPU = Debug|Any CPU
		Release|Any CPU = Release|Any CPU
	EndGlobalSection
	GlobalSection(ProjectConfigurationPlatforms) = postSolution
		{6DC0B66B-1E69-4DFF-86EE-583638987D74}.Debug|Any CPU.ActiveCfg = Debug|Any CPU
		{6DC0B66B-1E69-4DFF-86EE-583638987D74}.Debug|Any CPU.Build.0 = Debug|Any CPU
		{6DC0B66B-1E69-4DFF-86EE-583638987D74}.Release|Any CPU.ActiveCfg = Release|Any CPU
		{6DC0B66B-1E69-4DFF-86EE-583638987D74}.Release|Any CPU.Build.0 = Release|Any CPU
	EndGlobalSection
	GlobalSection(SolutionProperties) = preSolution
		HideSolutionNode = FALSE
	EndGlobalSection
	GlobalSection(ExtensibilityGlobals) = postSolution
		SolutionGuid = {A7AFCA03-8ABD-4D2C-95D2-E11E599B39C8}
	EndGlobalSection
EndGlobal
